
Microsoft Visual Studio Solution File, Format Version 12.00
# Visual Studio Version 16
VisualStudioVersion = 16.0.32602.291
MinimumVisualStudioVersion = 10.0.40219.1
Project("{8BC9CEB8-8B4A-11D0-8D11-00A0C91BC942}") = "Week03Algorithms", "Week03Algorithms\Week03Algorithms.vcxproj", "{6EBE1179-8FA0-4658-B033-30FB7FC55192}"
EndProject
Global
	GlobalSection(SolutionConfigurationPlatforms) = preSolution
		Debug|x64 = Debug|x64
		Debug|x86 = Debug|x86
		Release|x64 = Release|x64
		Release|x86 = Release|x86
	EndGlobalSection
	GlobalSection(ProjectConfigurationPlatforms) = postSolution
		{6EBE1179-8FA0-4658-B033-30FB7FC55192}.Debug|x64.ActiveCfg = Debug|x64
		{6EBE1179-8FA0-4658-B033-30FB7FC55192}.Debug|x64.Build.0 = Debug|x64
		{6EBE1179-8FA0-4658-B033-30FB7FC55192}.Debug|x86.ActiveCfg = Debug|Win32
		{6EBE1179-8FA0-4658-B033-30FB7FC55192}.Debug|x86.Build.0 = Debug|Win32
		{6EBE1179-8FA0-4658-B033-30FB7FC55192}.Release|x64.ActiveCfg = Release|x64
		{6EBE1179-8FA0-4658-B033-30FB7FC55192}.Release|x64.Build.0 = Release|x64
		{6EBE1179-8FA0-4658-B033-30FB7FC55192}.Release|x86.ActiveCfg = Release|Win32
		{6EBE1179-8FA0-4658-B033-30FB7FC55192}.Release|x86.Build.0 = Release|Win32
	EndGlobalSection
	GlobalSection(SolutionProperties) = preSolution
		HideSolutionNode = FALSE
	EndGlobalSection
	GlobalSection(ExtensibilityGlobals) = postSolution
		SolutionGuid = {F4BE2103-D522-4D67-872A-60EE62C269B9}
	EndGlobalSection
EndGlobal
